
Microsoft Visual Studio Solution File, Format Version 12.00
# Visual Studio 15
VisualStudioVersion = 15.0.28307.329
MinimumVisualStudioVersion = 10.0.40219.1
Project("{FAE04EC0-301F-11D3-BF4B-00C04F79EFBC}") = "SellEx", "SellEx\SellEx.csproj", "{B174DB60-D27E-4AF1-8A1F-836EB59FCCDE}"
EndProject
Global
	GlobalSection(SolutionConfigurationPlatforms) = preSolution
		Debug|Any CPU = Debug|Any CPU
		Release|Any CPU = Release|Any CPU
	EndGlobalSection
	GlobalSection(ProjectConfigurationPlatforms) = postSolution
		{B174DB60-D27E-4AF1-8A1F-836EB59FCCDE}.Debug|Any CPU.ActiveCfg = Debug|Any CPU
		{B174DB60-D27E-4AF1-8A1F-836EB59FCCDE}.Debug|Any CPU.Build.0 = Debug|Any CPU
		{B174DB60-D27E-4AF1-8A1F-836EB59FCCDE}.Release|Any CPU.ActiveCfg = Release|Any CPU
		{B174DB60-D27E-4AF1-8A1F-836EB59FCCDE}.Release|Any CPU.Build.0 = Release|Any CPU
	EndGlobalSection
	GlobalSection(SolutionProperties) = preSolution
		HideSolutionNode = FALSE
	EndGlobalSection
	GlobalSection(ExtensibilityGlobals) = postSolution
		SolutionGuid = {E2B614AE-90FE-4D9C-AB87-6E3C0E6880AC}
	EndGlobalSection
EndGlobal
